
Microsoft Visual Studio Solution File, Format Version 12.00
# Visual Studio Version 16
VisualStudioVersion = 16.0.31702.278
MinimumVisualStudioVersion = 10.0.40219.1
Project("{8BC9CEB8-8B4A-11D0-8D11-00A0C91BC942}") = "EuclideanAlgorithm", "EuclideanAlgorithm\EuclideanAlgorithm.vcxproj", "{4703C4FA-1498-49FE-8F50-BB77BFC2AE09}"
EndProject
Project("{8BC9CEB8-8B4A-11D0-8D11-00A0C91BC942}") = "FibonacciNumber", "FibonacciNumber\FibonacciNumber.vcxproj", "{904EC780-B6B8-45AA-8C83-AA83B3D94E71}"
EndProject
Project("{8BC9CEB8-8B4A-11D0-8D11-00A0C91BC942}") = "BruteForce", "BruteForce\BruteForce.vcxproj", "{1287CDD1-47F8-4341-ADD5-4E983F0B3E72}"
EndProject
Project("{8BC9CEB8-8B4A-11D0-8D11-00A0C91BC942}") = "Random", "Random\Random.vcxproj", "{A083B35F-D6F1-4008-86D1-F4034E52BC05}"
EndProject
Project("{8BC9CEB8-8B4A-11D0-8D11-00A0C91BC942}") = "RandomBox", "RandomBox\RandomBox.vcxproj", "{25DBBCD0-E50A-4357-A6BE-4E07607D4AB5}"
EndProject
Project("{8BC9CEB8-8B4A-11D0-8D11-00A0C91BC942}") = "QuickSort", "QuickSort\QuickSort.vcxproj", "{F0D3C6B3-554D-471F-B561-6B2770701A91}"
EndProject
Project("{8BC9CEB8-8B4A-11D0-8D11-00A0C91BC942}") = "MinHeap", "MinHeap\MinHeap.vcxproj", "{689F9E96-E033-4FE0-BCD5-4BE58CE1BC86}"
EndProject
Project("{8BC9CEB8-8B4A-11D0-8D11-00A0C91BC942}") = "priority_queue_MinHeap", "priority_queue_MinHeap\priority_queue_MinHeap.vcxproj", "{76A1FFAF-B8C3-4B0A-962B-2B46BD470FC3}"
EndProject
Project("{8BC9CEB8-8B4A-11D0-8D11-00A0C91BC942}") = "STL_Heap", "STL_Heap\STL_Heap.vcxproj", "{223CC8CF-5A93-4A2B-BC4E-CE420D5FB6A8}"
EndProject
Project("{8BC9CEB8-8B4A-11D0-8D11-00A0C91BC942}") = "Heap_Sort", "Heap_Sort\Heap_Sort.vcxproj", "{FAB73D28-6EA7-4005-B04E-C1BBCD13032B}"
EndProject
Project("{8BC9CEB8-8B4A-11D0-8D11-00A0C91BC942}") = "BinarySearch", "BinarySearch\BinarySearch.vcxproj", "{DE7C157E-BE58-478D-818F-816ED71A99B2}"
EndProject
Project("{8BC9CEB8-8B4A-11D0-8D11-00A0C91BC942}") = "SinglyLinkedList_QuickSort", "SinglyLinkedList_QuickSort\SinglyLinkedList_QuickSort.vcxproj", "{88BAF133-0DD3-4108-8BF4-17B0FD7B9C05}"
EndProject
Project("{8BC9CEB8-8B4A-11D0-8D11-00A0C91BC942}") = "LRUCacheAlgorithm", "LRUCacheAlgorithm\LRUCacheAlgorithm.vcxproj", "{C0C9899A-F22B-4266-B522-0F97E90A8592}"
EndProject
Project("{8BC9CEB8-8B4A-11D0-8D11-00A0C91BC942}") = "Hashing_BJ15829", "Hashing_BJ15829\Hashing_BJ15829.vcxproj", "{B9AFD4FF-0CCD-4602-B231-CD28D0A2EEDB}"
EndProject
Global
	GlobalSection(SolutionConfigurationPlatforms) = preSolution
		Debug|x64 = Debug|x64
		Debug|x86 = Debug|x86
		Release|x64 = Release|x64
		Release|x86 = Release|x86
	EndGlobalSection
	GlobalSection(ProjectConfigurationPlatforms) = postSolution
		{4703C4FA-1498-49FE-8F50-BB77BFC2AE09}.Debug|x64.ActiveCfg = Debug|x64
		{4703C4FA-1498-49FE-8F50-BB77BFC2AE09}.Debug|x64.Build.0 = Debug|x64
		{4703C4FA-1498-49FE-8F50-BB77BFC2AE09}.Debug|x86.ActiveCfg = Debug|Win32
		{4703C4FA-1498-49FE-8F50-BB77BFC2AE09}.Debug|x86.Build.0 = Debug|Win32
		{4703C4FA-1498-49FE-8F50-BB77BFC2AE09}.Release|x64.ActiveCfg = Release|x64
		{4703C4FA-1498-49FE-8F50-BB77BFC2AE09}.Release|x64.Build.0 = Release|x64
		{4703C4FA-1498-49FE-8F50-BB77BFC2AE09}.Release|x86.ActiveCfg = Release|Win32
		{4703C4FA-1498-49FE-8F50-BB77BFC2AE09}.Release|x86.Build.0 = Release|Win32
		{904EC780-B6B8-45AA-8C83-AA83B3D94E71}.Debug|x64.ActiveCfg = Debug|x64
		{904EC780-B6B8-45AA-8C83-AA83B3D94E71}.Debug|x64.Build.0 = Debug|x64
		{904EC780-B6B8-45AA-8C83-AA83B3D94E71}.Debug|x86.ActiveCfg = Debug|Win32
		{904EC780-B6B8-45AA-8C83-AA83B3D94E71}.Debug|x86.Build.0 = Debug|Win32
		{904EC780-B6B8-45AA-8C83-AA83B3D94E71}.Release|x64.ActiveCfg = Release|x64
		{904EC780-B6B8-45AA-8C83-AA83B3D94E71}.Release|x64.Build.0 = Release|x64
		{904EC780-B6B8-45AA-8C83-AA83B3D94E71}.Release|x86.ActiveCfg = Release|Win32
		{904EC780-B6B8-45AA-8C83-AA83B3D94E71}.Release|x86.Build.0 = Release|Win32
		{1287CDD1-47F8-4341-ADD5-4E983F0B3E72}.Debug|x64.ActiveCfg = Debug|x64
		{1287CDD1-47F8-4341-ADD5-4E983F0B3E72}.Debug|x64.Build.0 = Debug|x64
		{1287CDD1-47F8-4341-ADD5-4E983F0B3E72}.Debug|x86.ActiveCfg = Debug|Win32
		{1287CDD1-47F8-4341-ADD5-4E983F0B3E72}.Debug|x86.Build.0 = Debug|Win32
		{1287CDD1-47F8-4341-ADD5-4E983F0B3E72}.Release|x64.ActiveCfg = Release|x64
		{1287CDD1-47F8-4341-ADD5-4E983F0B3E72}.Release|x64.Build.0 = Release|x64
		{1287CDD1-47F8-4341-ADD5-4E983F0B3E72}.Release|x86.ActiveCfg = Release|Win32
		{1287CDD1-47F8-4341-ADD5-4E983F0B3E72}.Release|x86.Build.0 = Release|Win32
		{A083B35F-D6F1-4008-86D1-F4034E52BC05}.Debug|x64.ActiveCfg = Debug|x64
		{A083B35F-D6F1-4008-86D1-F4034E52BC05}.Debug|x64.Build.0 = Debug|x64
		{A083B35F-D6F1-4008-86D1-F4034E52BC05}.Debug|x86.ActiveCfg = Debug|Win32
		{A083B35F-D6F1-4008-86D1-F4034E52BC05}.Debug|x86.Build.0 = Debug|Win32
		{A083B35F-D6F1-4008-86D1-F4034E52BC05}.Release|x64.ActiveCfg = Release|x64
		{A083B35F-D6F1-4008-86D1-F4034E52BC05}.Release|x64.Build.0 = Release|x64
		{A083B35F-D6F1-4008-86D1-F4034E52BC05}.Release|x86.ActiveCfg = Release|Win32
		{A083B35F-D6F1-4008-86D1-F4034E52BC05}.Release|x86.Build.0 = Release|Win32
		{25DBBCD0-E50A-4357-A6BE-4E07607D4AB5}.Debug|x64.ActiveCfg = Debug|x64
		{25DBBCD0-E50A-4357-A6BE-4E07607D4AB5}.Debug|x64.Build.0 = Debug|x64
		{25DBBCD0-E50A-4357-A6BE-4E07607D4AB5}.Debug|x86.ActiveCfg = Debug|Win32
		{25DBBCD0-E50A-4357-A6BE-4E07607D4AB5}.Debug|x86.Build.0 = Debug|Win32
		{25DBBCD0-E50A-4357-A6BE-4E07607D4AB5}.Release|x64.ActiveCfg = Release|x64
		{25DBBCD0-E50A-4357-A6BE-4E07607D4AB5}.Release|x64.Build.0 = Release|x64
		{25DBBCD0-E50A-4357-A6BE-4E07607D4AB5}.Release|x86.ActiveCfg = Release|Win32
		{25DBBCD0-E50A-4357-A6BE-4E07607D4AB5}.Release|x86.Build.0 = Release|Win32
		{F0D3C6B3-554D-471F-B561-6B2770701A91}.Debug|x64.ActiveCfg = Debug|x64
		{F0D3C6B3-554D-471F-B561-6B2770701A91}.Debug|x64.Build.0 = Debug|x64
		{F0D3C6B3-554D-471F-B561-6B2770701A91}.Debug|x86.ActiveCfg = Debug|Win32
		{F0D3C6B3-554D-471F-B561-6B2770701A91}.Debug|x86.Build.0 = Debug|Win32
		{F0D3C6B3-554D-471F-B561-6B2770701A91}.Release|x64.ActiveCfg = Release|x64
		{F0D3C6B3-554D-471F-B561-6B2770701A91}.Release|x64.Build.0 = Release|x64
		{F0D3C6B3-554D-471F-B561-6B2770701A91}.Release|x86.ActiveCfg = Release|Win32
		{F0D3C6B3-554D-471F-B561-6B2770701A91}.Release|x86.Build.0 = Release|Win32
		{689F9E96-E033-4FE0-BCD5-4BE58CE1BC86}.Debug|x64.ActiveCfg = Debug|x64
		{689F9E96-E033-4FE0-BCD5-4BE58CE1BC86}.Debug|x64.Build.0 = Debug|x64
		{689F9E96-E033-4FE0-BCD5-4BE58CE1BC86}.Debug|x86.ActiveCfg = Debug|Win32
		{689F9E96-E033-4FE0-BCD5-4BE58CE1BC86}.Debug|x86.Build.0 = Debug|Win32
		{689F9E96-E033-4FE0-BCD5-4BE58CE1BC86}.Release|x64.ActiveCfg = Release|x64
		{689F9E96-E033-4FE0-BCD5-4BE58CE1BC86}.Release|x64.Build.0 = Release|x64
		{689F9E96-E033-4FE0-BCD5-4BE58CE1BC86}.Release|x86.ActiveCfg = Release|Win32
		{689F9E96-E033-4FE0-BCD5-4BE58CE1BC86}.Release|x86.Build.0 = Release|Win32
		{76A1FFAF-B8C3-4B0A-962B-2B46BD470FC3}.Debug|x64.ActiveCfg = Debug|x64
		{76A1FFAF-B8C3-4B0A-962B-2B46BD470FC3}.Debug|x64.Build.0 = Debug|x64
		{76A1FFAF-B8C3-4B0A-962B-2B46BD470FC3}.Debug|x86.ActiveCfg = Debug|Win32
		{76A1FFAF-B8C3-4B0A-962B-2B46BD470FC3}.Debug|x86.Build.0 = Debug|Win32
		{76A1FFAF-B8C3-4B0A-962B-2B46BD470FC3}.Release|x64.ActiveCfg = Release|x64
		{76A1FFAF-B8C3-4B0A-962B-2B46BD470FC3}.Release|x64.Build.0 = Release|x64
		{76A1FFAF-B8C3-4B0A-962B-2B46BD470FC3}.Release|x86.ActiveCfg = Release|Win32
		{76A1FFAF-B8C3-4B0A-962B-2B46BD470FC3}.Release|x86.Build.0 = Release|Win32
		{223CC8CF-5A93-4A2B-BC4E-CE420D5FB6A8}.Debug|x64.ActiveCfg = Debug|x64
		{223CC8CF-5A93-4A2B-BC4E-CE420D5FB6A8}.Debug|x64.Build.0 = Debug|x64
		{223CC8CF-5A93-4A2B-BC4E-CE420D5FB6A8}.Debug|x86.ActiveCfg = Debug|Win32
		{223CC8CF-5A93-4A2B-BC4E-CE420D5FB6A8}.Debug|x86.Build.0 = Debug|Win32
		{223CC8CF-5A93-4A2B-BC4E-CE420D5FB6A8}.Release|x64.ActiveCfg = Release|x64
		{223CC8CF-5A93-4A2B-BC4E-CE420D5FB6A8}.Release|x64.Build.0 = Release|x64
		{223CC8CF-5A93-4A2B-BC4E-CE420D5FB6A8}.Release|x86.ActiveCfg = Release|Win32
		{223CC8CF-5A93-4A2B-BC4E-CE420D5FB6A8}.Release|x86.Build.0 = Release|Win32
		{FAB73D28-6EA7-4005-B04E-C1BBCD13032B}.Debug|x64.ActiveCfg = Debug|x64
		{FAB73D28-6EA7-4005-B04E-C1BBCD13032B}.Debug|x64.Build.0 = Debug|x64
		{FAB73D28-6EA7-4005-B04E-C1BBCD13032B}.Debug|x86.ActiveCfg = Debug|Win32
		{FAB73D28-6EA7-4005-B04E-C1BBCD13032B}.Debug|x86.Build.0 = Debug|Win32
		{FAB73D28-6EA7-4005-B04E-C1BBCD13032B}.Release|x64.ActiveCfg = Release|x64
		{FAB73D28-6EA7-4005-B04E-C1BBCD13032B}.Release|x64.Build.0 = Release|x64
		{FAB73D28-6EA7-4005-B04E-C1BBCD13032B}.Release|x86.ActiveCfg = Release|Win32
		{FAB73D28-6EA7-4005-B04E-C1BBCD13032B}.Release|x86.Build.0 = Release|Win32
		{DE7C157E-BE58-478D-818F-816ED71A99B2}.Debug|x64.ActiveCfg = Debug|x64
		{DE7C157E-BE58-478D-818F-816ED71A99B2}.Debug|x64.Build.0 = Debug|x64
		{DE7C157E-BE58-478D-818F-816ED71A99B2}.Debug|x86.ActiveCfg = Debug|Win32
		{DE7C157E-BE58-478D-818F-816ED71A99B2}.Debug|x86.Build.0 = Debug|Win32
		{DE7C157E-BE58-478D-818F-816ED71A99B2}.Release|x64.ActiveCfg = Release|x64
		{DE7C157E-BE58-478D-818F-816ED71A99B2}.Release|x64.Build.0 = Release|x64
		{DE7C157E-BE58-478D-818F-816ED71A99B2}.Release|x86.ActiveCfg = Release|Win32
		{DE7C157E-BE58-478D-818F-816ED71A99B2}.Release|x86.Build.0 = Release|Win32
		{88BAF133-0DD3-4108-8BF4-17B0FD7B9C05}.Debug|x64.ActiveCfg = Debug|x64
		{88BAF133-0DD3-4108-8BF4-17B0FD7B9C05}.Debug|x64.Build.0 = Debug|x64
		{88BAF133-0DD3-4108-8BF4-17B0FD7B9C05}.Debug|x86.ActiveCfg = Debug|Win32
		{88BAF133-0DD3-4108-8BF4-17B0FD7B9C05}.Debug|x86.Build.0 = Debug|Win32
		{88BAF133-0DD3-4108-8BF4-17B0FD7B9C05}.Release|x64.ActiveCfg = Release|x64
		{88BAF133-0DD3-4108-8BF4-17B0FD7B9C05}.Release|x64.Build.0 = Release|x64
		{88BAF133-0DD3-4108-8BF4-17B0FD7B9C05}.Release|x86.ActiveCfg = Release|Win32
		{88BAF133-0DD3-4108-8BF4-17B0FD7B9C05}.Release|x86.Build.0 = Release|Win32
		{C0C9899A-F22B-4266-B522-0F97E90A8592}.Debug|x64.ActiveCfg = Debug|x64
		{C0C9899A-F22B-4266-B522-0F97E90A8592}.Debug|x64.Build.0 = Debug|x64
		{C0C9899A-F22B-4266-B522-0F97E90A8592}.Debug|x86.ActiveCfg = Debug|Win32
		{C0C9899A-F22B-4266-B522-0F97E90A8592}.Debug|x86.Build.0 = Debug|Win32
		{C0C9899A-F22B-4266-B522-0F97E90A8592}.Release|x64.ActiveCfg = Release|x64
		{C0C9899A-F22B-4266-B522-0F97E90A8592}.Release|x64.Build.0 = Release|x64
		{C0C9899A-F22B-4266-B522-0F97E90A8592}.Release|x86.ActiveCfg = Release|Win32
		{C0C9899A-F22B-4266-B522-0F97E90A8592}.Release|x86.Build.0 = Release|Win32
		{B9AFD4FF-0CCD-4602-B231-CD28D0A2EEDB}.Debug|x64.ActiveCfg = Debug|x64
		{B9AFD4FF-0CCD-4602-B231-CD28D0A2EEDB}.Debug|x64.Build.0 = Debug|x64
		{B9AFD4FF-0CCD-4602-B231-CD28D0A2EEDB}.Debug|x86.ActiveCfg = Debug|Win32
		{B9AFD4FF-0CCD-4602-B231-CD28D0A2EEDB}.Debug|x86.Build.0 = Debug|Win32
		{B9AFD4FF-0CCD-4602-B231-CD28D0A2EEDB}.Release|x64.ActiveCfg = Release|x64
		{B9AFD4FF-0CCD-4602-B231-CD28D0A2EEDB}.Release|x64.Build.0 = Release|x64
		{B9AFD4FF-0CCD-4602-B231-CD28D0A2EEDB}.Release|x86.ActiveCfg = Release|Win32
		{B9AFD4FF-0CCD-4602-B231-CD28D0A2EEDB}.Release|x86.Build.0 = Release|Win32
	EndGlobalSection
	GlobalSection(SolutionProperties) = preSolution
		HideSolutionNode = FALSE
	EndGlobalSection
	GlobalSection(ExtensibilityGlobals) = postSolution
		SolutionGuid = {0302D2A8-53B8-41E6-AA37-3C9E6E36FF95}
	EndGlobalSection
EndGlobal
